{
  "name": "kaluma",
  "version": "1.0.0",
  "lockfileVersion": 2,
  "requires": true,
  "packages": {
    "": {
      "name": "kaluma",
      "version": "1.0.0",
      "license": "ISC",
      "dependencies": {
        "node-static": "^0.7.11",
        "open": "^8.4.0",
        "rp2040js": "^0.14.3",
        "uf2": "^1.0.0",
        "ws": "^8.2.3"
      }
    },
    "node_modules/colors": {
      "version": "1.4.0",
      "resolved": "https://registry.npmjs.org/colors/-/colors-1.4.0.tgz",
      "integrity": "sha512-a+UqTh4kgZg/SlGvfbzDHpgRu7AAQOmmqRHJnxhRZICKFUT91brVhNNt58CMWU9PsBbv3PDCZUHbVxuDiH2mtA==",
      "engines": {
        "node": ">=0.1.90"
      }
    },
    "node_modules/define-lazy-prop": {
      "version": "2.0.0",
      "resolved": "https://registry.npmjs.org/define-lazy-prop/-/define-lazy-prop-2.0.0.tgz",
      "integrity": "sha512-Ds09qNh8yw3khSjiJjiUInaGX9xlqZDY7JVryGxdxV7NPeuqQfplOpQ66yJFZut3jLa5zOwkXw1g9EI2uKh4Og==",
      "engines": {
        "node": ">=8"
      }
    },
    "node_modules/is-docker": {
      "version": "2.2.1",
      "resolved": "https://registry.npmjs.org/is-docker/-/is-docker-2.2.1.tgz",
      "integrity": "sha512-F+i2BKsFrH66iaUFc0woD8sLy8getkwTwtOBjvs56Cx4CgJDeKQeqfz8wAYiSb8JOprWhHH5p77PbmYCvvUuXQ==",
      "bin": {
        "is-docker": "cli.js"
      },
      "engines": {
        "node": ">=8"
      },
      "funding": {
        "url": "https://github.com/sponsors/sindresorhus"
      }
    },
    "node_modules/is-wsl": {
      "version": "2.2.0",
      "resolved": "https://registry.npmjs.org/is-wsl/-/is-wsl-2.2.0.tgz",
      "integrity": "sha512-fKzAra0rGJUUBwGBgNkHZuToZcn+TtXHpeCgmkMJMMYx1sQDYaCSyjJBSCa2nH1DGm7s3n1oBnohoVTBaN7Lww==",
      "dependencies": {
        "is-docker": "^2.0.0"
      },
      "engines": {
        "node": ">=8"
      }
    },
    "node_modules/mime": {
      "version": "1.6.0",
      "resolved": "https://registry.npmjs.org/mime/-/mime-1.6.0.tgz",
      "integrity": "sha512-x0Vn8spI+wuJ1O6S7gnbaQg8Pxh4NNHb7KSINmEWKiPE4RKOplvijn+NkmYmmRgP68mc70j2EbeTFRsrswaQeg==",
      "bin": {
        "mime": "cli.js"
      },
      "engines": {
        "node": ">=4"
      }
    },
    "node_modules/minimist": {
      "version": "0.0.10",
      "resolved": "https://registry.npmjs.org/minimist/-/minimist-0.0.10.tgz",
      "integrity": "sha1-3j+YVD2/lggr5IrRoMfNqDYwHc8="
    },
    "node_modules/node-static": {
      "version": "0.7.11",
      "resolved": "https://registry.npmjs.org/node-static/-/node-static-0.7.11.tgz",
      "integrity": "sha512-zfWC/gICcqb74D9ndyvxZWaI1jzcoHmf4UTHWQchBNuNMxdBLJMDiUgZ1tjGLEIe/BMhj2DxKD8HOuc2062pDQ==",
      "dependencies": {
        "colors": ">=0.6.0",
        "mime": "^1.2.9",
        "optimist": ">=0.3.4"
      },
      "bin": {
        "static": "bin/cli.js"
      },
      "engines": {
        "node": ">= 0.4.1"
      }
    },
    "node_modules/open": {
      "version": "8.4.0",
      "resolved": "https://registry.npmjs.org/open/-/open-8.4.0.tgz",
      "integrity": "sha512-XgFPPM+B28FtCCgSb9I+s9szOC1vZRSwgWsRUA5ylIxRTgKozqjOCrVOqGsYABPYK5qnfqClxZTFBa8PKt2v6Q==",
      "dependencies": {
        "define-lazy-prop": "^2.0.0",
        "is-docker": "^2.1.1",
        "is-wsl": "^2.2.0"
      },
      "engines": {
        "node": ">=12"
      },
      "funding": {
        "url": "https://github.com/sponsors/sindresorhus"
      }
    },
    "node_modules/optimist": {
      "version": "0.6.1",
      "resolved": "https://registry.npmjs.org/optimist/-/optimist-0.6.1.tgz",
      "integrity": "sha1-2j6nRob6IaGaERwybpDrFaAZZoY=",
      "dependencies": {
        "minimist": "~0.0.1",
        "wordwrap": "~0.0.2"
      }
    },
    "node_modules/rp2040js": {
      "version": "0.14.3",
      "resolved": "https://registry.npmjs.org/rp2040js/-/rp2040js-0.14.3.tgz",
      "integrity": "sha512-EE7m5313KIAgdvyHfVUkkbNrV/V44MnJRFYivChSBGd4biFSmFpSzWhRxuI3n6mwtwuO4arjDkUWFDT/X65XQA=="
    },
    "node_modules/uf2": {
      "version": "1.0.0",
      "resolved": "https://registry.npmjs.org/uf2/-/uf2-1.0.0.tgz",
      "integrity": "sha512-eLBWi1GZ2UJUOiaDctEXsBdMKZvauitLfDtyumu8L3amkfurOJWbI505crvCeyyXK+4gm12jpImkCALgaM8kig=="
    },
    "node_modules/wordwrap": {
      "version": "0.0.3",
      "resolved": "https://registry.npmjs.org/wordwrap/-/wordwrap-0.0.3.tgz",
      "integrity": "sha1-o9XabNXAvAAI03I0u68b7WMFkQc=",
      "engines": {
        "node": ">=0.4.0"
      }
    },
    "node_modules/ws": {
      "version": "8.2.3",
      "resolved": "https://registry.npmjs.org/ws/-/ws-8.2.3.tgz",
      "integrity": "sha512-wBuoj1BDpC6ZQ1B7DWQBYVLphPWkm8i9Y0/3YdHjHKHiohOJ1ws+3OccDWtH+PoC9DZD5WOTrJvNbWvjS6JWaA==",
      "engines": {
        "node": ">=10.0.0"
      },
      "peerDependencies": {
        "bufferutil": "^4.0.1",
        "utf-8-validate": "^5.0.2"
      },
      "peerDependenciesMeta": {
        "bufferutil": {
          "optional": true
        },
        "utf-8-validate": {
          "optional": true
        }
      }
    }
  },
  "dependencies": {
    "colors": {
      "version": "1.4.0",
      "resolved": "https://registry.npmjs.org/colors/-/colors-1.4.0.tgz",
      "integrity": "sha512-a+UqTh4kgZg/SlGvfbzDHpgRu7AAQOmmqRHJnxhRZICKFUT91brVhNNt58CMWU9PsBbv3PDCZUHbVxuDiH2mtA=="
    },
    "define-lazy-prop": {
      "version": "2.0.0",
      "resolved": "https://registry.npmjs.org/define-lazy-prop/-/define-lazy-prop-2.0.0.tgz",
      "integrity": "sha512-Ds09qNh8yw3khSjiJjiUInaGX9xlqZDY7JVryGxdxV7NPeuqQfplOpQ66yJFZut3jLa5zOwkXw1g9EI2uKh4Og=="
    },
    "is-docker": {
      "version": "2.2.1",
      "resolved": "https://registry.npmjs.org/is-docker/-/is-docker-2.2.1.tgz",
      "integrity": "sha512-F+i2BKsFrH66iaUFc0woD8sLy8getkwTwtOBjvs56Cx4CgJDeKQeqfz8wAYiSb8JOprWhHH5p77PbmYCvvUuXQ=="
    },
    "is-wsl": {
      "version": "2.2.0",
      "resolved": "https://registry.npmjs.org/is-wsl/-/is-wsl-2.2.0.tgz",
      "integrity": "sha512-fKzAra0rGJUUBwGBgNkHZuToZcn+TtXHpeCgmkMJMMYx1sQDYaCSyjJBSCa2nH1DGm7s3n1oBnohoVTBaN7Lww==",
      "requires": {
        "is-docker": "^2.0.0"
      }
    },
    "mime": {
      "version": "1.6.0",
      "resolved": "https://registry.npmjs.org/mime/-/mime-1.6.0.tgz",
      "integrity": "sha512-x0Vn8spI+wuJ1O6S7gnbaQg8Pxh4NNHb7KSINmEWKiPE4RKOplvijn+NkmYmmRgP68mc70j2EbeTFRsrswaQeg=="
    },
    "minimist": {
      "version": "0.0.10",
      "resolved": "https://registry.npmjs.org/minimist/-/minimist-0.0.10.tgz",
      "integrity": "sha1-3j+YVD2/lggr5IrRoMfNqDYwHc8="
    },
    "node-static": {
      "version": "0.7.11",
      "resolved": "https://registry.npmjs.org/node-static/-/node-static-0.7.11.tgz",
      "integrity": "sha512-zfWC/gICcqb74D9ndyvxZWaI1jzcoHmf4UTHWQchBNuNMxdBLJMDiUgZ1tjGLEIe/BMhj2DxKD8HOuc2062pDQ==",
      "requires": {
        "colors": ">=0.6.0",
        "mime": "^1.2.9",
        "optimist": ">=0.3.4"
      }
    },
    "open": {
      "version": "8.4.0",
      "resolved": "https://registry.npmjs.org/open/-/open-8.4.0.tgz",
      "integrity": "sha512-XgFPPM+B28FtCCgSb9I+s9szOC1vZRSwgWsRUA5ylIxRTgKozqjOCrVOqGsYABPYK5qnfqClxZTFBa8PKt2v6Q==",
      "requires": {
        "define-lazy-prop": "^2.0.0",
        "is-docker": "^2.1.1",
        "is-wsl": "^2.2.0"
      }
    },
    "optimist": {
      "version": "0.6.1",
      "resolved": "https://registry.npmjs.org/optimist/-/optimist-0.6.1.tgz",
      "integrity": "sha1-2j6nRob6IaGaERwybpDrFaAZZoY=",
      "requires": {
        "minimist": "~0.0.1",
        "wordwrap": "~0.0.2"
      }
    },
    "rp2040js": {
      "version": "0.14.3",
      "resolved": "https://registry.npmjs.org/rp2040js/-/rp2040js-0.14.3.tgz",
      "integrity": "sha512-EE7m5313KIAgdvyHfVUkkbNrV/V44MnJRFYivChSBGd4biFSmFpSzWhRxuI3n6mwtwuO4arjDkUWFDT/X65XQA=="
    },
    "uf2": {
      "version": "1.0.0",
      "resolved": "https://registry.npmjs.org/uf2/-/uf2-1.0.0.tgz",
      "integrity": "sha512-eLBWi1GZ2UJUOiaDctEXsBdMKZvauitLfDtyumu8L3amkfurOJWbI505crvCeyyXK+4gm12jpImkCALgaM8kig=="
    },
    "wordwrap": {
      "version": "0.0.3",
      "resolved": "https://registry.npmjs.org/wordwrap/-/wordwrap-0.0.3.tgz",
      "integrity": "sha1-o9XabNXAvAAI03I0u68b7WMFkQc="
    },
    "ws": {
      "version": "8.2.3",
      "resolved": "https://registry.npmjs.org/ws/-/ws-8.2.3.tgz",
      "integrity": "sha512-wBuoj1BDpC6ZQ1B7DWQBYVLphPWkm8i9Y0/3YdHjHKHiohOJ1ws+3OccDWtH+PoC9DZD5WOTrJvNbWvjS6JWaA==",
      "requires": {}
    }
  }
}
