{
  "name": "kaluma",
  "version": "1.0.0",
  "lockfileVersion": 2,
  "requires": true,
  "packages": {
    "": {
      "name": "kaluma",
      "version": "1.0.0",
      "license": "ISC",
      "dependencies": {
        "rp2040js": "^0.14.3",
        "uf2": "^1.0.0"
      }
    },
    "node_modules/rp2040js": {
      "version": "0.14.3",
      "resolved": "https://registry.npmjs.org/rp2040js/-/rp2040js-0.14.3.tgz",
      "integrity": "sha512-EE7m5313KIAgdvyHfVUkkbNrV/V44MnJRFYivChSBGd4biFSmFpSzWhRxuI3n6mwtwuO4arjDkUWFDT/X65XQA=="
    },
    "node_modules/uf2": {
      "version": "1.0.0",
      "resolved": "https://registry.npmjs.org/uf2/-/uf2-1.0.0.tgz",
      "integrity": "sha512-eLBWi1GZ2UJUOiaDctEXsBdMKZvauitLfDtyumu8L3amkfurOJWbI505crvCeyyXK+4gm12jpImkCALgaM8kig=="
    }
  },
  "dependencies": {
    "rp2040js": {
      "version": "0.14.3",
      "resolved": "https://registry.npmjs.org/rp2040js/-/rp2040js-0.14.3.tgz",
      "integrity": "sha512-EE7m5313KIAgdvyHfVUkkbNrV/V44MnJRFYivChSBGd4biFSmFpSzWhRxuI3n6mwtwuO4arjDkUWFDT/X65XQA=="
    },
    "uf2": {
      "version": "1.0.0",
      "resolved": "https://registry.npmjs.org/uf2/-/uf2-1.0.0.tgz",
      "integrity": "sha512-eLBWi1GZ2UJUOiaDctEXsBdMKZvauitLfDtyumu8L3amkfurOJWbI505crvCeyyXK+4gm12jpImkCALgaM8kig=="
    }
  }
}
